
Microsoft Visual Studio Solution File, Format Version 9.00
# Visual Studio 2005
Project("{8BC9CEB8-8B4A-11D0-8D11-00A0C91BC942}") = "arrived.WNET", "arrived.WNET.vcproj", "{961BFB03-7EAA-432E-97E4-9739DFA260DE}"
EndProject
Project("{8BC9CEB8-8B4A-11D0-8D11-00A0C91BC942}") = "arrived.WLH", "arrived.WLH.vcproj", "{566608D4-4581-42E3-BE1B-A765A2DDD8E6}"
EndProject
Global
	GlobalSection(SolutionConfigurationPlatforms) = preSolution
		WLH checked|Win32 = WLH checked|Win32
		WLH free|Win32 = WLH free|Win32
		WLH2K checked|Win32 = WLH2K checked|Win32
		WLH2K free|Win32 = WLH2K free|Win32
		WLHNET checked|Win32 = WLHNET checked|Win32
		WLHNET free|Win32 = WLHNET free|Win32
		WLHXP checked|Win32 = WLHXP checked|Win32
		WLHXP free|Win32 = WLHXP free|Win32
		WNET checked|Win32 = WNET checked|Win32
		WNET free|Win32 = WNET free|Win32
		WNET2K checked|Win32 = WNET2K checked|Win32
		WNET2K free|Win32 = WNET2K free|Win32
		WNETXP checked|Win32 = WNETXP checked|Win32
		WNETXP free|Win32 = WNETXP free|Win32
	EndGlobalSection
	GlobalSection(ProjectConfigurationPlatforms) = postSolution
		{961BFB03-7EAA-432E-97E4-9739DFA260DE}.WLH checked|Win32.ActiveCfg = WNET2K checked|Win32
		{961BFB03-7EAA-432E-97E4-9739DFA260DE}.WLH free|Win32.ActiveCfg = WNET2K checked|Win32
		{961BFB03-7EAA-432E-97E4-9739DFA260DE}.WLH2K checked|Win32.ActiveCfg = WNET2K checked|Win32
		{961BFB03-7EAA-432E-97E4-9739DFA260DE}.WLH2K free|Win32.ActiveCfg = WNET2K checked|Win32
		{961BFB03-7EAA-432E-97E4-9739DFA260DE}.WLHNET checked|Win32.ActiveCfg = WNET2K checked|Win32
		{961BFB03-7EAA-432E-97E4-9739DFA260DE}.WLHNET free|Win32.ActiveCfg = WNET2K checked|Win32
		{961BFB03-7EAA-432E-97E4-9739DFA260DE}.WLHXP checked|Win32.ActiveCfg = WNET2K checked|Win32
		{961BFB03-7EAA-432E-97E4-9739DFA260DE}.WLHXP free|Win32.ActiveCfg = WNET2K checked|Win32
		{961BFB03-7EAA-432E-97E4-9739DFA260DE}.WNET checked|Win32.ActiveCfg = WNET checked|Win32
		{961BFB03-7EAA-432E-97E4-9739DFA260DE}.WNET checked|Win32.Build.0 = WNET checked|Win32
		{961BFB03-7EAA-432E-97E4-9739DFA260DE}.WNET checked|Win32.Deploy.0 = WNET checked|Win32
		{961BFB03-7EAA-432E-97E4-9739DFA260DE}.WNET free|Win32.ActiveCfg = WNET free|Win32
		{961BFB03-7EAA-432E-97E4-9739DFA260DE}.WNET free|Win32.Build.0 = WNET free|Win32
		{961BFB03-7EAA-432E-97E4-9739DFA260DE}.WNET free|Win32.Deploy.0 = WNET free|Win32
		{961BFB03-7EAA-432E-97E4-9739DFA260DE}.WNET2K checked|Win32.ActiveCfg = WNET2K checked|Win32
		{961BFB03-7EAA-432E-97E4-9739DFA260DE}.WNET2K checked|Win32.Build.0 = WNET2K checked|Win32
		{961BFB03-7EAA-432E-97E4-9739DFA260DE}.WNET2K checked|Win32.Deploy.0 = WNET2K checked|Win32
		{961BFB03-7EAA-432E-97E4-9739DFA260DE}.WNET2K free|Win32.ActiveCfg = WNET2K free|Win32
		{961BFB03-7EAA-432E-97E4-9739DFA260DE}.WNET2K free|Win32.Build.0 = WNET2K free|Win32
		{961BFB03-7EAA-432E-97E4-9739DFA260DE}.WNET2K free|Win32.Deploy.0 = WNET2K free|Win32
		{961BFB03-7EAA-432E-97E4-9739DFA260DE}.WNETXP checked|Win32.ActiveCfg = WNETXP checked|Win32
		{961BFB03-7EAA-432E-97E4-9739DFA260DE}.WNETXP checked|Win32.Build.0 = WNETXP checked|Win32
		{961BFB03-7EAA-432E-97E4-9739DFA260DE}.WNETXP checked|Win32.Deploy.0 = WNETXP checked|Win32
		{961BFB03-7EAA-432E-97E4-9739DFA260DE}.WNETXP free|Win32.ActiveCfg = WNETXP free|Win32
		{961BFB03-7EAA-432E-97E4-9739DFA260DE}.WNETXP free|Win32.Build.0 = WNETXP free|Win32
		{961BFB03-7EAA-432E-97E4-9739DFA260DE}.WNETXP free|Win32.Deploy.0 = WNETXP free|Win32
		{566608D4-4581-42E3-BE1B-A765A2DDD8E6}.WLH checked|Win32.ActiveCfg = WLH checked|Win32
		{566608D4-4581-42E3-BE1B-A765A2DDD8E6}.WLH checked|Win32.Build.0 = WLH checked|Win32
		{566608D4-4581-42E3-BE1B-A765A2DDD8E6}.WLH checked|Win32.Deploy.0 = WLH checked|Win32
		{566608D4-4581-42E3-BE1B-A765A2DDD8E6}.WLH free|Win32.ActiveCfg = WLH free|Win32
		{566608D4-4581-42E3-BE1B-A765A2DDD8E6}.WLH free|Win32.Build.0 = WLH free|Win32
		{566608D4-4581-42E3-BE1B-A765A2DDD8E6}.WLH free|Win32.Deploy.0 = WLH free|Win32
		{566608D4-4581-42E3-BE1B-A765A2DDD8E6}.WLH2K checked|Win32.ActiveCfg = WLH2K checked|Win32
		{566608D4-4581-42E3-BE1B-A765A2DDD8E6}.WLH2K checked|Win32.Build.0 = WLH2K checked|Win32
		{566608D4-4581-42E3-BE1B-A765A2DDD8E6}.WLH2K checked|Win32.Deploy.0 = WLH2K checked|Win32
		{566608D4-4581-42E3-BE1B-A765A2DDD8E6}.WLH2K free|Win32.ActiveCfg = WLH2K free|Win32
		{566608D4-4581-42E3-BE1B-A765A2DDD8E6}.WLH2K free|Win32.Build.0 = WLH2K free|Win32
		{566608D4-4581-42E3-BE1B-A765A2DDD8E6}.WLH2K free|Win32.Deploy.0 = WLH2K free|Win32
		{566608D4-4581-42E3-BE1B-A765A2DDD8E6}.WLHNET checked|Win32.ActiveCfg = WLHNET checked|Win32
		{566608D4-4581-42E3-BE1B-A765A2DDD8E6}.WLHNET checked|Win32.Build.0 = WLHNET checked|Win32
		{566608D4-4581-42E3-BE1B-A765A2DDD8E6}.WLHNET checked|Win32.Deploy.0 = WLHNET checked|Win32
		{566608D4-4581-42E3-BE1B-A765A2DDD8E6}.WLHNET free|Win32.ActiveCfg = WLHNET free|Win32
		{566608D4-4581-42E3-BE1B-A765A2DDD8E6}.WLHNET free|Win32.Build.0 = WLHNET free|Win32
		{566608D4-4581-42E3-BE1B-A765A2DDD8E6}.WLHNET free|Win32.Deploy.0 = WLHNET free|Win32
		{566608D4-4581-42E3-BE1B-A765A2DDD8E6}.WLHXP checked|Win32.ActiveCfg = WLHXP checked|Win32
		{566608D4-4581-42E3-BE1B-A765A2DDD8E6}.WLHXP checked|Win32.Build.0 = WLHXP checked|Win32
		{566608D4-4581-42E3-BE1B-A765A2DDD8E6}.WLHXP checked|Win32.Deploy.0 = WLHXP checked|Win32
		{566608D4-4581-42E3-BE1B-A765A2DDD8E6}.WLHXP free|Win32.ActiveCfg = WLHXP free|Win32
		{566608D4-4581-42E3-BE1B-A765A2DDD8E6}.WLHXP free|Win32.Build.0 = WLHXP free|Win32
		{566608D4-4581-42E3-BE1B-A765A2DDD8E6}.WLHXP free|Win32.Deploy.0 = WLHXP free|Win32
		{566608D4-4581-42E3-BE1B-A765A2DDD8E6}.WNET checked|Win32.ActiveCfg = WLHNET checked|Win32
		{566608D4-4581-42E3-BE1B-A765A2DDD8E6}.WNET free|Win32.ActiveCfg = WLHNET checked|Win32
		{566608D4-4581-42E3-BE1B-A765A2DDD8E6}.WNET2K checked|Win32.ActiveCfg = WLHNET checked|Win32
		{566608D4-4581-42E3-BE1B-A765A2DDD8E6}.WNET2K free|Win32.ActiveCfg = WLHNET checked|Win32
		{566608D4-4581-42E3-BE1B-A765A2DDD8E6}.WNETXP checked|Win32.ActiveCfg = WLHNET checked|Win32
		{566608D4-4581-42E3-BE1B-A765A2DDD8E6}.WNETXP free|Win32.ActiveCfg = WLHNET checked|Win32
	EndGlobalSection
	GlobalSection(SolutionProperties) = preSolution
		HideSolutionNode = FALSE
	EndGlobalSection
EndGlobal
